
Microsoft Visual Studio Solution File, Format Version 12.00
# Visual Studio Version 16
VisualStudioVersion = 16.0.30114.105
MinimumVisualStudioVersion = 10.0.40219.1
Project("{FAE04EC0-301F-11D3-BF4B-00C04F79EFBC}") = "PlusGG", "PlusGG\PlusGG.csproj", "{91AF5B5D-86CF-4DA3-B413-1C16DEF53FDD}"
EndProject
Global
	GlobalSection(SolutionConfigurationPlatforms) = preSolution
		Debug|Any CPU = Debug|Any CPU
		Release|Any CPU = Release|Any CPU
	EndGlobalSection
	GlobalSection(ProjectConfigurationPlatforms) = postSolution
		{91AF5B5D-86CF-4DA3-B413-1C16DEF53FDD}.Debug|Any CPU.ActiveCfg = Debug|Any CPU
		{91AF5B5D-86CF-4DA3-B413-1C16DEF53FDD}.Debug|Any CPU.Build.0 = Debug|Any CPU
		{91AF5B5D-86CF-4DA3-B413-1C16DEF53FDD}.Release|Any CPU.ActiveCfg = Release|Any CPU
		{91AF5B5D-86CF-4DA3-B413-1C16DEF53FDD}.Release|Any CPU.Build.0 = Release|Any CPU
	EndGlobalSection
	GlobalSection(SolutionProperties) = preSolution
		HideSolutionNode = FALSE
	EndGlobalSection
	GlobalSection(ExtensibilityGlobals) = postSolution
		SolutionGuid = {5DB08CC5-CCA2-4388-97CC-2C0C907276E5}
	EndGlobalSection
EndGlobal
